
Microsoft Visual Studio Solution File, Format Version 12.00
# Visual Studio 15
Project("{FAE04EC0-301F-11D3-BF4B-00C04F79EFBC}") = "test", "test\test.csproj", "{F23EB011-ECB6-49D0-BC14-C90C258FC3ED}"
EndProject
Global
	GlobalSection(SolutionConfigurationPlatforms) = preSolution
		Debug|Any CPU = Debug|Any CPU
		Release|Any CPU = Release|Any CPU
	EndGlobalSection
	GlobalSection(ProjectConfigurationPlatforms) = postSolution
		{F23EB011-ECB6-49D0-BC14-C90C258FC3ED}.Debug|Any CPU.ActiveCfg = Debug|Any CPU
		{F23EB011-ECB6-49D0-BC14-C90C258FC3ED}.Debug|Any CPU.Build.0 = Debug|Any CPU
		{F23EB011-ECB6-49D0-BC14-C90C258FC3ED}.Release|Any CPU.ActiveCfg = Release|Any CPU
		{F23EB011-ECB6-49D0-BC14-C90C258FC3ED}.Release|Any CPU.Build.0 = Release|Any CPU
	EndGlobalSection
EndGlobal
